# THIS IS AN AUTOGENERATED FILE. DO NOT EDIT THIS FILE DIRECTLY.
# yarn lockfile v1


"@esbuild/darwin-arm64@0.16.17":
  "integrity" "sha512-/2agbUEfmxWHi9ARTX6OQ/KgXnOWfsNlTeLcoV7HSuSTv63E4DqtAc+2XqGw1KHxKMHGZgbVCZge7HXWX9Vn+w=="
  "resolved" "https://registry.npmjs.org/@esbuild/darwin-arm64/-/darwin-arm64-0.16.17.tgz"
  "version" "0.16.17"

"@types/canvas-sketch-util@npm:canvas-sketch-util-types":
  "integrity" "sha512-AEyc+4XEd76cKVr0CH/U4bIDO+SDmW69dq+CNGtUgdmD7A99GepKQEYx6gC0ChryEXXRo148Yxf5WUs/eFoGSA=="
  "resolved" "https://registry.npmjs.org/canvas-sketch-util-types/-/canvas-sketch-util-types-0.5.1.tgz"
  "version" "0.5.1"

"@types/colormap@^2.3.1":
  "integrity" "sha512-GCPa0VCih4kp/TPPkjdjgUG19yCOPbpP9UpjEYTxUnIhaNqMrhlL9wSAyxm0cRfSubT3KUETZ+8vXYn6fmq0OQ=="
  "resolved" "https://registry.npmjs.org/@types/colormap/-/colormap-2.3.1.tgz"
  "version" "2.3.1"

"abs-svg-path@^0.1.1":
  "integrity" "sha512-d8XPSGjfyzlXC3Xx891DJRyZfqk5JU0BJrDQcsWomFIV1/BIzPW5HDH5iDdWpqWaav0YVIEzT1RHTwWr0FFshA=="
  "resolved" "https://registry.npmjs.org/abs-svg-path/-/abs-svg-path-0.1.1.tgz"
  "version" "0.1.1"

"adaptive-bezier-curve@^1.0.3":
  "integrity" "sha512-mDcwN284LlNAdunqnVmS0PAoDNHKze/PY8zvpCdxzyXD+ZZFeMWQ3FKNBw0VMOd9IfnhIyzAWJDXzRcWnXtoSg=="
  "resolved" "https://registry.npmjs.org/adaptive-bezier-curve/-/adaptive-bezier-curve-1.0.3.tgz"
  "version" "1.0.3"

"almost-equal@^1.1.0":
  "integrity" "sha512-0V/PkoculFl5+0Lp47JoxUcO0xSxhIBvm+BxHdD/OgXNmdRpRHCFnKVuUoWyS9EzQP+otSGv0m9Lb4yVkQBn2A=="
  "resolved" "https://registry.npmjs.org/almost-equal/-/almost-equal-1.1.0.tgz"
  "version" "1.1.0"

"almost-equal@0.0.0":
  "integrity" "sha512-/wvWNupeAr7sp7J2ZXvQvd97uyxsokx4TXdV6YMhd/EDwctlgY3wUGZCgQx1sJQyxU+c8EWRCWsLGOumdiS9aw=="
  "resolved" "https://registry.npmjs.org/almost-equal/-/almost-equal-0.0.0.tgz"
  "version" "0.0.0"

"an-array@^1.0.0":
  "integrity" "sha512-M175GYI7RmsYu24Ok383yZQa3eveDfNnmhTe3OQ3bm70bEovz2gWenH+ST/n32M8lrwLWk74hcPds5CDRPe2wg=="
  "resolved" "https://registry.npmjs.org/an-array/-/an-array-1.0.0.tgz"
  "version" "1.0.0"

"array-almost-equal@^1.0.0":
  "integrity" "sha512-NiQJq0vH5nEebm7FMs52fli23nwCh+RBKZZtA5g5qUmqGAkb9n8/WOTW8zjDocLADXXM1CRanFfPTMdrI2yZwg=="
  "resolved" "https://registry.npmjs.org/array-almost-equal/-/array-almost-equal-1.0.0.tgz"
  "version" "1.0.0"
  dependencies:
    "almost-equal" "0.0.0"
    "an-array" "^1.0.0"

"call-bind@^1.0.2":
  "integrity" "sha512-7O+FbCihrB5WGbFYesctwmTKae6rOiIzmz1icreWJ+0aA7LJfuqhEso2T9ncpcFtzMQtzXf2QGGueWJGTYsqrA=="
  "resolved" "https://registry.npmjs.org/call-bind/-/call-bind-1.0.2.tgz"
  "version" "1.0.2"
  dependencies:
    "function-bind" "^1.1.1"
    "get-intrinsic" "^1.0.2"

"canvas-sketch-util-types@^0.5.1":
  "integrity" "sha512-AEyc+4XEd76cKVr0CH/U4bIDO+SDmW69dq+CNGtUgdmD7A99GepKQEYx6gC0ChryEXXRo148Yxf5WUs/eFoGSA=="
  "resolved" "https://registry.npmjs.org/canvas-sketch-util-types/-/canvas-sketch-util-types-0.5.1.tgz"
  "version" "0.5.1"

"canvas-sketch-util@^1.10.0":
  "integrity" "sha512-IiJWEQDBinl6KZVLYcdp79ZJXXKsS1HuDUoWtwWh0NJMVUA6jaM0pxcBRYiaujBXjQFPT91pl8L9iFFmma3+zA=="
  "resolved" "https://registry.npmjs.org/canvas-sketch-util/-/canvas-sketch-util-1.10.0.tgz"
  "version" "1.10.0"
  dependencies:
    "abs-svg-path" "^0.1.1"
    "almost-equal" "^1.1.0"
    "array-almost-equal" "^1.0.0"
    "clone" "^2.1.2"
    "color-luminance" "^2.1.0"
    "convert-length" "^1.0.1"
    "d3-path" "^1.0.8"
    "defined" "^1.0.0"
    "float-hsl2rgb" "^1.0.2"
    "float-rgb2hsl" "^1.0.1"
    "lineclip" "^1.1.5"
    "normalize-svg-path" "^1.0.1"
    "parse-color" "^1.0.0"
    "parse-svg-path" "^0.1.2"
    "primitive-quad" "^2.0.0"
    "regl" "^1.3.7"
    "seed-random" "^2.2.0"
    "simplex-noise" "^2.4.0"
    "svg-path-contours" "^2.0.0"

"canvas-sketch@^0.7.6":
  "integrity" "sha512-BBMvt9qmQtfjDF/oc5dXPddWpYG4OSEq85PgblZKhaJ885DIErbpW+sALyxMdf6NqRsLMnbGeue0KnD8pfzHZA=="
  "resolved" "https://registry.npmjs.org/canvas-sketch/-/canvas-sketch-0.7.6.tgz"
  "version" "0.7.6"
  dependencies:
    "convert-length" "^1.0.1"
    "dateformat" "^3.0.3"
    "deep-equal" "^1.0.1"
    "get-canvas-context" "^1.0.2"
    "is-class" "0.0.5"
    "is-dom" "^1.0.9"
    "is-promise" "^2.1.0"
    "object-assign" "^4.1.1"
    "pad-left" "^2.1.0"
    "right-now" "^1.0.0"

"clone@^2.1.2":
  "integrity" "sha512-3Pe/CF1Nn94hyhIYpjtiLhdCoEoz0DqQ+988E9gmeEdQZlojxnOb74wctFyuwWQHzqyf9X7C7MG8juUpqBJT8w=="
  "resolved" "https://registry.npmjs.org/clone/-/clone-2.1.2.tgz"
  "version" "2.1.2"

"color-convert@~0.5.0":
  "integrity" "sha512-RwBeO/B/vZR3dfKL1ye/vx8MHZ40ugzpyfeVG5GsiuGnrlMWe2o8wxBbLCpw9CsxV+wHuzYlCiWnybrIA0ling=="
  "resolved" "https://registry.npmjs.org/color-convert/-/color-convert-0.5.3.tgz"
  "version" "0.5.3"

"color-luminance@^2.1.0":
  "integrity" "sha512-J2WalPvlpNvOYW8YNxffayMHmA/Ysbx9crRdWorAG6mSbO22yliPvhldw0slsRhpFiQpFdHpFo69X3v9OzklOA=="
  "resolved" "https://registry.npmjs.org/color-luminance/-/color-luminance-2.1.0.tgz"
  "version" "2.1.0"

"colormap@^2.3.2":
  "integrity" "sha512-jDOjaoEEmA9AgA11B/jCSAvYE95r3wRoAyTf3LEHGiUVlNHJaL1mRkf5AyLSpQBVGfTEPwGEqCIzL+kgr2WgNA=="
  "resolved" "https://registry.npmjs.org/colormap/-/colormap-2.3.2.tgz"
  "version" "2.3.2"
  dependencies:
    "lerp" "^1.0.3"

"convert-length@^1.0.1":
  "integrity" "sha512-w94Vge3sck6J1NHuA0du367/JTbj1zfjTapX7ixR2W+KlU4zb+NRTbou3x9nTpm5vlcXmjoaUJQpVN9pULCdxQ=="
  "resolved" "https://registry.npmjs.org/convert-length/-/convert-length-1.0.1.tgz"
  "version" "1.0.1"
  dependencies:
    "defined" "^1.0.0"

"d3-path@^1.0.8":
  "integrity" "sha512-VLaYcn81dtHVTjEHd8B+pbe9yHWpXKZUC87PzoFmsFrJqgFwDe/qxfp5MlfsfM1V5E/iVt0MmEbWQ7FVIXh/bg=="
  "resolved" "https://registry.npmjs.org/d3-path/-/d3-path-1.0.9.tgz"
  "version" "1.0.9"

"dateformat@^3.0.3":
  "integrity" "sha512-jyCETtSl3VMZMWeRo7iY1FL19ges1t55hMo5yaam4Jrsm5EPL89UQkoQRyiI+Yf4k8r2ZpdngkV8hr1lIdjb3Q=="
  "resolved" "https://registry.npmjs.org/dateformat/-/dateformat-3.0.3.tgz"
  "version" "3.0.3"

"deep-equal@^1.0.1":
  "integrity" "sha512-yd9c5AdiqVcR+JjcwUQb9DkhJc8ngNr0MahEBGvDiJw8puWab2yZlh+nkasOnZP+EGTAP6rRp2JzJhJZzvNF8g=="
  "resolved" "https://registry.npmjs.org/deep-equal/-/deep-equal-1.1.1.tgz"
  "version" "1.1.1"
  dependencies:
    "is-arguments" "^1.0.4"
    "is-date-object" "^1.0.1"
    "is-regex" "^1.0.4"
    "object-is" "^1.0.1"
    "object-keys" "^1.1.1"
    "regexp.prototype.flags" "^1.2.0"

"define-properties@^1.1.3":
  "integrity" "sha512-xvqAVKGfT1+UAvPwKTVw/njhdQ8ZhXK4lI0bCIuCMrp2up9nPnaDftrLtmpTazqd1o+UY4zgzU+avtMbDP+ldA=="
  "resolved" "https://registry.npmjs.org/define-properties/-/define-properties-1.2.0.tgz"
  "version" "1.2.0"
  dependencies:
    "has-property-descriptors" "^1.0.0"
    "object-keys" "^1.1.1"

"defined@^1.0.0":
  "integrity" "sha512-hsBd2qSVCRE+5PmNdHt1uzyrFu5d3RwmFDKzyNZMFq/EwDNJF7Ee5+D5oEKF0hU6LhtoUF1macFvOe4AskQC1Q=="
  "resolved" "https://registry.npmjs.org/defined/-/defined-1.0.1.tgz"
  "version" "1.0.1"

"esbuild@^0.16.14":
  "integrity" "sha512-G8LEkV0XzDMNwXKgM0Jwu3nY3lSTwSGY6XbxM9cr9+s0T/qSV1q1JVPBGzm3dcjhCic9+emZDmMffkwgPeOeLg=="
  "resolved" "https://registry.npmjs.org/esbuild/-/esbuild-0.16.17.tgz"
  "version" "0.16.17"
  optionalDependencies:
    "@esbuild/android-arm" "0.16.17"
    "@esbuild/android-arm64" "0.16.17"
    "@esbuild/android-x64" "0.16.17"
    "@esbuild/darwin-arm64" "0.16.17"
    "@esbuild/darwin-x64" "0.16.17"
    "@esbuild/freebsd-arm64" "0.16.17"
    "@esbuild/freebsd-x64" "0.16.17"
    "@esbuild/linux-arm" "0.16.17"
    "@esbuild/linux-arm64" "0.16.17"
    "@esbuild/linux-ia32" "0.16.17"
    "@esbuild/linux-loong64" "0.16.17"
    "@esbuild/linux-mips64el" "0.16.17"
    "@esbuild/linux-ppc64" "0.16.17"
    "@esbuild/linux-riscv64" "0.16.17"
    "@esbuild/linux-s390x" "0.16.17"
    "@esbuild/linux-x64" "0.16.17"
    "@esbuild/netbsd-x64" "0.16.17"
    "@esbuild/openbsd-x64" "0.16.17"
    "@esbuild/sunos-x64" "0.16.17"
    "@esbuild/win32-arm64" "0.16.17"
    "@esbuild/win32-ia32" "0.16.17"
    "@esbuild/win32-x64" "0.16.17"

"float-hsl2rgb@^1.0.2":
  "integrity" "sha512-O9YGK/8X0tl2GpT9SVk9wSPTVv1IkAjikhKdHkbHbC7X9aX+64i3HPeWX7zwStDuO7T3KIamHC4B16T80mMeXA=="
  "resolved" "https://registry.npmjs.org/float-hsl2rgb/-/float-hsl2rgb-1.0.2.tgz"
  "version" "1.0.2"

"float-rgb2hsl@^1.0.1":
  "integrity" "sha512-sdMM9qC3IRI/M7J1htyVfNFD4pCi6MIznXTXTq3/h4C+qtMz6AMTRHwcuD6ScswVXMS/F+0B5DNn5HINQK0iOA=="
  "resolved" "https://registry.npmjs.org/float-rgb2hsl/-/float-rgb2hsl-1.0.1.tgz"
  "version" "1.0.1"

"fsevents@~2.3.2":
  "integrity" "sha512-xiqMQR4xAeHTuB9uWm+fFRcIOgKBMiOBP+eXiyT7jsgVCq1bkVygt00oASowB7EdtpOHaaPgKt812P9ab+DDKA=="
  "resolved" "https://registry.npmjs.org/fsevents/-/fsevents-2.3.2.tgz"
  "version" "2.3.2"

"function-bind@^1.1.1":
  "integrity" "sha512-yIovAzMX49sF8Yl58fSCWJ5svSLuaibPxXQJFLmBObTuCr0Mf1KiPopGM9NiFjiYBCbfaa2Fh6breQ6ANVTI0A=="
  "resolved" "https://registry.npmjs.org/function-bind/-/function-bind-1.1.1.tgz"
  "version" "1.1.1"

"functions-have-names@^1.2.2":
  "integrity" "sha512-xckBUXyTIqT97tq2x2AMb+g163b5JFysYk0x4qxNFwbfQkmNZoiRHb6sPzI9/QV33WeuvVYBUIiD4NzNIyqaRQ=="
  "resolved" "https://registry.npmjs.org/functions-have-names/-/functions-have-names-1.2.3.tgz"
  "version" "1.2.3"

"get-canvas-context@^1.0.2":
  "integrity" "sha512-LnpfLf/TNzr9zVOGiIY6aKCz8EKuXmlYNV7CM2pUjBa/B+c2I15tS7KLySep75+FuerJdmArvJLcsAXWEy2H0A=="
  "resolved" "https://registry.npmjs.org/get-canvas-context/-/get-canvas-context-1.0.2.tgz"
  "version" "1.0.2"

"get-intrinsic@^1.0.2", "get-intrinsic@^1.1.1":
  "integrity" "sha512-L049y6nFOuom5wGyRc3/gdTLO94dySVKRACj1RmJZBQXlbTMhtNIgkWkUHq+jYmZvKf14EW1EoJnnjbmoHij0Q=="
  "resolved" "https://registry.npmjs.org/get-intrinsic/-/get-intrinsic-1.2.0.tgz"
  "version" "1.2.0"
  dependencies:
    "function-bind" "^1.1.1"
    "has" "^1.0.3"
    "has-symbols" "^1.0.3"

"has-property-descriptors@^1.0.0":
  "integrity" "sha512-62DVLZGoiEBDHQyqG4w9xCuZ7eJEwNmJRWw2VY84Oedb7WFcA27fiEVe8oUQx9hAUJ4ekurquucTGwsyO1XGdQ=="
  "resolved" "https://registry.npmjs.org/has-property-descriptors/-/has-property-descriptors-1.0.0.tgz"
  "version" "1.0.0"
  dependencies:
    "get-intrinsic" "^1.1.1"

"has-symbols@^1.0.2", "has-symbols@^1.0.3":
  "integrity" "sha512-l3LCuF6MgDNwTDKkdYGEihYjt5pRPbEg46rtlmnSPlUbgmB8LOIrKJbYYFBSbnPaJexMKtiPO8hmeRjRz2Td+A=="
  "resolved" "https://registry.npmjs.org/has-symbols/-/has-symbols-1.0.3.tgz"
  "version" "1.0.3"

"has-tostringtag@^1.0.0":
  "integrity" "sha512-kFjcSNhnlGV1kyoGk7OXKSawH5JOb/LzUc5w9B02hOTO0dfFRjbHQKvg1d6cf3HbeUmtU9VbbV3qzZ2Teh97WQ=="
  "resolved" "https://registry.npmjs.org/has-tostringtag/-/has-tostringtag-1.0.0.tgz"
  "version" "1.0.0"
  dependencies:
    "has-symbols" "^1.0.2"

"has@^1.0.3":
  "integrity" "sha512-f2dvO0VU6Oej7RkWJGrehjbzMAjFp5/VKPp5tTpWIV4JHHZK1/BxbFRtf/siA2SWTe09caDmVtYYzWEIbBS4zw=="
  "resolved" "https://registry.npmjs.org/has/-/has-1.0.3.tgz"
  "version" "1.0.3"
  dependencies:
    "function-bind" "^1.1.1"

"is-arguments@^1.0.4":
  "integrity" "sha512-8Q7EARjzEnKpt/PCD7e1cgUS0a6X8u5tdSiMqXhojOdoV9TsMsiO+9VLC5vAmO8N7/GmXn7yjR8qnA6bVAEzfA=="
  "resolved" "https://registry.npmjs.org/is-arguments/-/is-arguments-1.1.1.tgz"
  "version" "1.1.1"
  dependencies:
    "call-bind" "^1.0.2"
    "has-tostringtag" "^1.0.0"

"is-class@0.0.5":
  "integrity" "sha512-jOquneoRNrqbpDgh4hKicrMcGIl7jopvIJaWI+LyDVRzZrQy819qBaYSofOyUMTo/x5Jelvs8G5v/ptdySWy6A=="
  "resolved" "https://registry.npmjs.org/is-class/-/is-class-0.0.5.tgz"
  "version" "0.0.5"

"is-core-module@^2.9.0":
  "integrity" "sha512-RRjxlvLDkD1YJwDbroBHMb+cukurkDWNyHx7D3oNB5x9rb5ogcksMC5wHCadcXoo67gVr/+3GFySh3134zi6rw=="
  "resolved" "https://registry.npmjs.org/is-core-module/-/is-core-module-2.11.0.tgz"
  "version" "2.11.0"
  dependencies:
    "has" "^1.0.3"

"is-date-object@^1.0.1":
  "integrity" "sha512-9YQaSxsAiSwcvS33MBk3wTCVnWK+HhF8VZR2jRxehM16QcVOdHqPn4VPHmRK4lSr38n9JriurInLcP90xsYNfQ=="
  "resolved" "https://registry.npmjs.org/is-date-object/-/is-date-object-1.0.5.tgz"
  "version" "1.0.5"
  dependencies:
    "has-tostringtag" "^1.0.0"

"is-dom@^1.0.9":
  "integrity" "sha512-u82f6mvhYxRPKpw8V1N0W8ce1xXwOrQtgGcxl6UCL5zBmZu3is/18K0rR7uFCnMDuAsS/3W54mGL4vsaFUQlEQ=="
  "resolved" "https://registry.npmjs.org/is-dom/-/is-dom-1.1.0.tgz"
  "version" "1.1.0"
  dependencies:
    "is-object" "^1.0.1"
    "is-window" "^1.0.2"

"is-object@^1.0.1":
  "integrity" "sha512-2rRIahhZr2UWb45fIOuvZGpFtz0TyOZLf32KxBbSoUCeZR495zCKlWUKKUByk3geS2eAs7ZAABt0Y/Rx0GiQGA=="
  "resolved" "https://registry.npmjs.org/is-object/-/is-object-1.0.2.tgz"
  "version" "1.0.2"

"is-promise@^2.1.0":
  "integrity" "sha512-+lP4/6lKUBfQjZ2pdxThZvLUAafmZb8OAxFb8XXtiQmS35INgr85hdOGoEs124ez1FCnZJt6jau/T+alh58QFQ=="
  "resolved" "https://registry.npmjs.org/is-promise/-/is-promise-2.2.2.tgz"
  "version" "2.2.2"

"is-regex@^1.0.4":
  "integrity" "sha512-kvRdxDsxZjhzUX07ZnLydzS1TU/TJlTUHHY4YLL87e37oUA49DfkLqgy+VjFocowy29cKvcSiu+kIv728jTTVg=="
  "resolved" "https://registry.npmjs.org/is-regex/-/is-regex-1.1.4.tgz"
  "version" "1.1.4"
  dependencies:
    "call-bind" "^1.0.2"
    "has-tostringtag" "^1.0.0"

"is-window@^1.0.2":
  "integrity" "sha512-uj00kdXyZb9t9RcAUAwMZAnkBUwdYGhYlt7djMXhfyhUCzwNba50tIiBKR7q0l7tdoBtFVw/3JmLY6fI3rmZmg=="
  "resolved" "https://registry.npmjs.org/is-window/-/is-window-1.0.2.tgz"
  "version" "1.0.2"

"lerp@^1.0.3":
  "integrity" "sha512-70Rh4rCkJDvwWiTsyZ1HmJGvnyfFah4m6iTux29XmasRiZPDBpT9Cfa4ai73+uLZxnlKruUS62jj2lb11wURiA=="
  "resolved" "https://registry.npmjs.org/lerp/-/lerp-1.0.3.tgz"
  "version" "1.0.3"

"lineclip@^1.1.5":
  "integrity" "sha512-KlA/wRSjpKl7tS9iRUdlG72oQ7qZ1IlVbVgHwoO10TBR/4gQ86uhKow6nlzMAJJhjCWKto8OeoAzzIzKSmN25A=="
  "resolved" "https://registry.npmjs.org/lineclip/-/lineclip-1.1.5.tgz"
  "version" "1.1.5"

"nanoid@^3.3.4":
  "integrity" "sha512-MqBkQh/OHTS2egovRtLk45wEyNXwF+cokD+1YPf9u5VfJiRdAiRwB2froX5Co9Rh20xs4siNPm8naNotSD6RBw=="
  "resolved" "https://registry.npmjs.org/nanoid/-/nanoid-3.3.4.tgz"
  "version" "3.3.4"

"normalize-svg-path@^0.1.0":
  "integrity" "sha512-1/kmYej2iedi5+ROxkRESL/pI02pkg0OBnaR4hJkSIX6+ORzepwbuUXfrdZaPjysTsJInj0Rj5NuX027+dMBvA=="
  "resolved" "https://registry.npmjs.org/normalize-svg-path/-/normalize-svg-path-0.1.0.tgz"
  "version" "0.1.0"

"normalize-svg-path@^1.0.1":
  "integrity" "sha512-r9KHKG2UUeB5LoTouwDzBy2VxXlHsiM6fyLQvnJa0S5hrhzqElH/CH7TUGhT1fVvIYBIKf3OpY4YJ4CK+iaqHg=="
  "resolved" "https://registry.npmjs.org/normalize-svg-path/-/normalize-svg-path-1.1.0.tgz"
  "version" "1.1.0"
  dependencies:
    "svg-arc-to-cubic-bezier" "^3.0.0"

"object-assign@^4.1.1":
  "integrity" "sha512-rJgTQnkUnH1sFw8yT6VSU3zD3sWmu6sZhIseY8VX+GRu3P6F7Fu+JNDoXfklElbLJSnc3FUQHVe4cU5hj+BcUg=="
  "resolved" "https://registry.npmjs.org/object-assign/-/object-assign-4.1.1.tgz"
  "version" "4.1.1"

"object-is@^1.0.1":
  "integrity" "sha512-3cyDsyHgtmi7I7DfSSI2LDp6SK2lwvtbg0p0R1e0RvTqF5ceGx+K2dfSjm1bKDMVCFEDAQvy+o8c6a7VujOddw=="
  "resolved" "https://registry.npmjs.org/object-is/-/object-is-1.1.5.tgz"
  "version" "1.1.5"
  dependencies:
    "call-bind" "^1.0.2"
    "define-properties" "^1.1.3"

"object-keys@^1.1.1":
  "integrity" "sha512-NuAESUOUMrlIXOfHKzD6bpPu3tYt3xvjNdRIQ+FeT0lNb4K8WR70CaDxhuNguS2XG+GjkyMwOzsN5ZktImfhLA=="
  "resolved" "https://registry.npmjs.org/object-keys/-/object-keys-1.1.1.tgz"
  "version" "1.1.1"

"pad-left@^2.1.0":
  "integrity" "sha512-HJxs9K9AztdIQIAIa/OIazRAUW/L6B9hbQDxO4X07roW3eo9XqZc2ur9bn1StH9CnbbI9EgvejHQX7CBpCF1QA=="
  "resolved" "https://registry.npmjs.org/pad-left/-/pad-left-2.1.0.tgz"
  "version" "2.1.0"
  dependencies:
    "repeat-string" "^1.5.4"

"parse-color@^1.0.0":
  "integrity" "sha512-fuDHYgFHJGbpGMgw9skY/bj3HL/Jrn4l/5rSspy00DoT4RyLnDcRvPxdZ+r6OFwIsgAuhDh4I09tAId4mI12bw=="
  "resolved" "https://registry.npmjs.org/parse-color/-/parse-color-1.0.0.tgz"
  "version" "1.0.0"
  dependencies:
    "color-convert" "~0.5.0"

"parse-svg-path@^0.1.2":
  "integrity" "sha512-JyPSBnkTJ0AI8GGJLfMXvKq42cj5c006fnLz6fXy6zfoVjJizi8BNTpu8on8ziI1cKy9d9DGNuY17Ce7wuejpQ=="
  "resolved" "https://registry.npmjs.org/parse-svg-path/-/parse-svg-path-0.1.2.tgz"
  "version" "0.1.2"

"path-parse@^1.0.7":
  "integrity" "sha512-LDJzPVEEEPR+y48z93A0Ed0yXb8pAByGWo/k5YYdYgpY2/2EsOsksJrq7lOHxryrVOn1ejG6oAp8ahvOIQD8sw=="
  "resolved" "https://registry.npmjs.org/path-parse/-/path-parse-1.0.7.tgz"
  "version" "1.0.7"

"picocolors@^1.0.0":
  "integrity" "sha512-1fygroTLlHu66zi26VoTDv8yRgm0Fccecssto+MhsZ0D/DGW2sm8E8AjW7NU5VVTRt5GxbeZ5qBuJr+HyLYkjQ=="
  "resolved" "https://registry.npmjs.org/picocolors/-/picocolors-1.0.0.tgz"
  "version" "1.0.0"

"postcss@^8.4.21":
  "integrity" "sha512-tP7u/Sn/dVxK2NnruI4H9BG+x+Wxz6oeZ1cJ8P6G/PZY0IKk4k/63TDsQf2kQq3+qoJeLm2kIBUNlZe3zgb4Zg=="
  "resolved" "https://registry.npmjs.org/postcss/-/postcss-8.4.21.tgz"
  "version" "8.4.21"
  dependencies:
    "nanoid" "^3.3.4"
    "picocolors" "^1.0.0"
    "source-map-js" "^1.0.2"

"primitive-quad@^2.0.0":
  "integrity" "sha512-JlPRH5x3QEqoIeHvxHY6ePLhpjSG7FEGxitR8sbfkfCjJK+OEVODTE4j6US12gMqvQqXzRGkkmuYYvJCozifMA=="
  "resolved" "https://registry.npmjs.org/primitive-quad/-/primitive-quad-2.0.0.tgz"
  "version" "2.0.0"

"regexp.prototype.flags@^1.2.0":
  "integrity" "sha512-fjggEOO3slI6Wvgjwflkc4NFRCTZAu5CnNfBd5qOMYhWdn67nJBBu34/TkD++eeFmd8C9r9jfXJ27+nSiRkSUA=="
  "resolved" "https://registry.npmjs.org/regexp.prototype.flags/-/regexp.prototype.flags-1.4.3.tgz"
  "version" "1.4.3"
  dependencies:
    "call-bind" "^1.0.2"
    "define-properties" "^1.1.3"
    "functions-have-names" "^1.2.2"

"regl@^1.3.7":
  "integrity" "sha512-bEAtp/qrtKucxXSJkD4ebopFZYP0q1+3Vb2WECWv/T8yQEgKxDxJ7ztO285tAMaYZVR6mM1GgI6CCn8FROtL1w=="
  "resolved" "https://registry.npmjs.org/regl/-/regl-1.7.0.tgz"
  "version" "1.7.0"

"repeat-string@^1.5.4":
  "integrity" "sha512-PV0dzCYDNfRi1jCDbJzpW7jNNDRuCOG/jI5ctQcGKt/clZD+YcPS3yIlWuTJMmESC8aevCFmWJy5wjAFgNqN6w=="
  "resolved" "https://registry.npmjs.org/repeat-string/-/repeat-string-1.6.1.tgz"
  "version" "1.6.1"

"resolve@^1.22.1":
  "integrity" "sha512-nBpuuYuY5jFsli/JIs1oldw6fOQCBioohqWZg/2hiaOybXOft4lonv85uDOKXdf8rhyK159cxU5cDcK/NKk8zw=="
  "resolved" "https://registry.npmjs.org/resolve/-/resolve-1.22.1.tgz"
  "version" "1.22.1"
  dependencies:
    "is-core-module" "^2.9.0"
    "path-parse" "^1.0.7"
    "supports-preserve-symlinks-flag" "^1.0.0"

"right-now@^1.0.0":
  "integrity" "sha512-DA8+YS+sMIVpbsuKgy+Z67L9Lxb1p05mNxRpDPNksPDEFir4vmBlUtuN9jkTGn9YMMdlBuK7XQgFiz6ws+yhSg=="
  "resolved" "https://registry.npmjs.org/right-now/-/right-now-1.0.0.tgz"
  "version" "1.0.0"

"riso-colors@^1.0.1":
  "integrity" "sha512-foLj2eUiyft2hOe7PzsT9qcT+zLnkw3pGesPQv6JG93OJ0+1J0fdCwdtwxDDCqnYDdgRatKbrb0qhB95vhZ2wQ=="
  "resolved" "https://registry.npmjs.org/riso-colors/-/riso-colors-1.0.1.tgz"
  "version" "1.0.1"

"rollup@^3.10.0":
  "integrity" "sha512-F9hrCAhnp5/zx/7HYmftvsNBkMfLfk/dXUh73hPSM2E3CRgap65orDNJbLetoiUFwSAk6iHPLvBrZ5iHYvzqsg=="
  "resolved" "https://registry.npmjs.org/rollup/-/rollup-3.15.0.tgz"
  "version" "3.15.0"
  optionalDependencies:
    "fsevents" "~2.3.2"

"seed-random@^2.2.0":
  "integrity" "sha512-34EQV6AAHQGhoc0tn/96a9Fsi6v2xdqe/dMUwljGRaFOzR3EgRmECvD0O8vi8X+/uQ50LGHfkNu/Eue5TPKZkQ=="
  "resolved" "https://registry.npmjs.org/seed-random/-/seed-random-2.2.0.tgz"
  "version" "2.2.0"

"simplex-noise@^2.4.0":
  "integrity" "sha512-OjyDWm/QZjVbMrPxDVi9b2as+SeNn9EBXlrWVRlFW+TSyWMSXouDryXkQN0vf5YP+QZKobrmkvx1eQYPLtuqfw=="
  "resolved" "https://registry.npmjs.org/simplex-noise/-/simplex-noise-2.4.0.tgz"
  "version" "2.4.0"

"source-map-js@^1.0.2":
  "integrity" "sha512-R0XvVJ9WusLiqTCEiGCmICCMplcCkIwwR11mOSD9CR5u+IXYdiseeEuXCVAjS54zqwkLcPNnmU4OeJ6tUrWhDw=="
  "resolved" "https://registry.npmjs.org/source-map-js/-/source-map-js-1.0.2.tgz"
  "version" "1.0.2"

"supports-preserve-symlinks-flag@^1.0.0":
  "integrity" "sha512-ot0WnXS9fgdkgIcePe6RHNk1WA8+muPa6cSjeR3V8K27q9BB1rTE3R1p7Hv0z1ZyAc8s6Vvv8DIyWf681MAt0w=="
  "resolved" "https://registry.npmjs.org/supports-preserve-symlinks-flag/-/supports-preserve-symlinks-flag-1.0.0.tgz"
  "version" "1.0.0"

"svg-arc-to-cubic-bezier@^3.0.0":
  "integrity" "sha512-djbJ/vZKZO+gPoSDThGNpKDO+o+bAeA4XQKovvkNCqnIS2t+S4qnLAGQhyyrulhCFRl1WWzAp0wUDV8PpTVU3g=="
  "resolved" "https://registry.npmjs.org/svg-arc-to-cubic-bezier/-/svg-arc-to-cubic-bezier-3.2.0.tgz"
  "version" "3.2.0"

"svg-path-contours@^2.0.0":
  "integrity" "sha512-mUpqlUkchMV5lQq2DdPIulNQ2lqPjYTUvY8bUUql/SlOMdPkavijO/oJgvimz31CC4Hvfce6uq+Jn0xzRysmVw=="
  "resolved" "https://registry.npmjs.org/svg-path-contours/-/svg-path-contours-2.0.0.tgz"
  "version" "2.0.0"
  dependencies:
    "abs-svg-path" "^0.1.1"
    "adaptive-bezier-curve" "^1.0.3"
    "normalize-svg-path" "^0.1.0"
    "vec2-copy" "^1.0.0"

"typescript@^4.9.3":
  "integrity" "sha512-1FXk9E2Hm+QzZQ7z+McJiHL4NW1F2EzMu9Nq9i3zAaGqibafqYwCVU6WyWAuyQRRzOlxou8xZSyXLEN8oKj24g=="
  "resolved" "https://registry.npmjs.org/typescript/-/typescript-4.9.5.tgz"
  "version" "4.9.5"

"vec2-copy@^1.0.0":
  "integrity" "sha512-jeitylCmqqyM4Z2blr4vLpScsROaiJfhN2dFOjn1VK01cM4fi5GNt60L0Zxhm0OT1vYYiv7BKDOZch0YfPA8qw=="
  "resolved" "https://registry.npmjs.org/vec2-copy/-/vec2-copy-1.0.0.tgz"
  "version" "1.0.0"

"vite@^4.1.0":
  "integrity" "sha512-LM9WWea8vsxhr782r9ntg+bhSFS06FJgCvvB0+8hf8UWtvaiDagKYWXndjfX6kGl74keHJUcpzrQliDXZlF5yg=="
  "resolved" "https://registry.npmjs.org/vite/-/vite-4.1.1.tgz"
  "version" "4.1.1"
  dependencies:
    "esbuild" "^0.16.14"
    "postcss" "^8.4.21"
    "resolve" "^1.22.1"
    "rollup" "^3.10.0"
  optionalDependencies:
    "fsevents" "~2.3.2"
